
Microsoft Visual Studio Solution File, Format Version 12.00
# Visual Studio Version 16
VisualStudioVersion = 16.0.29709.97
MinimumVisualStudioVersion = 10.0.40219.1
Project("{9A19103F-16F7-4668-BE54-9A1E7A4F7556}") = "Expressive", "Expressive\Expressive.csproj", "{64525626-8340-4F9C-9A19-F26E40D1F496}"
EndProject
Project("{9A19103F-16F7-4668-BE54-9A1E7A4F7556}") = "Expressive.Tests", "Expressive.Tests\Expressive.Tests.csproj", "{9571BBBB-3F9B-4F46-8A5C-EFD5EC13E5B1}"
EndProject
Project("{FAE04EC0-301F-11D3-BF4B-00C04F79EFBC}") = "Expressive.Playground", "Expressive.Playground\Expressive.Playground.csproj", "{9D60EEC0-A324-40AB-A469-2236C08B7AB6}"
EndProject
Project("{2150E333-8FDC-42A3-9474-1A3956D46DE8}") = "Solution Items", "Solution Items", "{405D4853-1E35-4DFB-B83E-1F41552044AE}"
	ProjectSection(SolutionItems) = preProject
		.editorconfig = .editorconfig
	EndProjectSection
EndProject
Global
	GlobalSection(SolutionConfigurationPlatforms) = preSolution
		Debug|Any CPU = Debug|Any CPU
		Release|Any CPU = Release|Any CPU
	EndGlobalSection
	GlobalSection(ProjectConfigurationPlatforms) = postSolution
		{64525626-8340-4F9C-9A19-F26E40D1F496}.Debug|Any CPU.ActiveCfg = Debug|Any CPU
		{64525626-8340-4F9C-9A19-F26E40D1F496}.Debug|Any CPU.Build.0 = Debug|Any CPU
		{64525626-8340-4F9C-9A19-F26E40D1F496}.Release|Any CPU.ActiveCfg = Release|Any CPU
		{64525626-8340-4F9C-9A19-F26E40D1F496}.Release|Any CPU.Build.0 = Release|Any CPU
		{9571BBBB-3F9B-4F46-8A5C-EFD5EC13E5B1}.Debug|Any CPU.ActiveCfg = Debug|Any CPU
		{9571BBBB-3F9B-4F46-8A5C-EFD5EC13E5B1}.Debug|Any CPU.Build.0 = Debug|Any CPU
		{9571BBBB-3F9B-4F46-8A5C-EFD5EC13E5B1}.Release|Any CPU.ActiveCfg = Release|Any CPU
		{9571BBBB-3F9B-4F46-8A5C-EFD5EC13E5B1}.Release|Any CPU.Build.0 = Release|Any CPU
		{9D60EEC0-A324-40AB-A469-2236C08B7AB6}.Debug|Any CPU.ActiveCfg = Debug|Any CPU
		{9D60EEC0-A324-40AB-A469-2236C08B7AB6}.Debug|Any CPU.Build.0 = Debug|Any CPU
		{9D60EEC0-A324-40AB-A469-2236C08B7AB6}.Release|Any CPU.ActiveCfg = Release|Any CPU
		{9D60EEC0-A324-40AB-A469-2236C08B7AB6}.Release|Any CPU.Build.0 = Release|Any CPU
	EndGlobalSection
	GlobalSection(SolutionProperties) = preSolution
		HideSolutionNode = FALSE
	EndGlobalSection
	GlobalSection(ExtensibilityGlobals) = postSolution
		SolutionGuid = {38B0D342-9FB2-478E-BAA3-3706D709915B}
	EndGlobalSection
EndGlobal
